<Solution>
  <Folder Name="/src/">
    <Project Path="src/TrezzeCloud.Contracts/TrezzeCloud.Contracts.csproj" />
    <Project Path="src/TrezzeCloud.Notifications.Functions/TrezzeCloud.Notifications.Functions.csproj" />
  </Folder>
  <Folder Name="/tests/">
    <Project Path="tests/TrezzeCloud.Notifications.UnitTests/TrezzeCloud.Notifications.UnitTests.csproj" />
  </Folder>
</Solution>
